
Microsoft Visual Studio Solution File, Format Version 12.00
# Visual Studio Version 16
VisualStudioVersion = 16.0.29025.244
MinimumVisualStudioVersion = 10.0.40219.1
Project("{FAE04EC0-301F-11D3-BF4B-00C04F79EFBC}") = "GoF", "GoF.csproj", "{110A6094-7A37-418A-AE7A-BDB49E048CE6}"
EndProject
Project("{FAE04EC0-301F-11D3-BF4B-00C04F79EFBC}") = "AutoMapperDemo", "..\AutoMapperDemo\AutoMapperDemo.csproj", "{75CF4E37-6435-4006-A00D-9E50FAD993D0}"
EndProject
Global
	GlobalSection(SolutionConfigurationPlatforms) = preSolution
		Debug|Any CPU = Debug|Any CPU
		Release|Any CPU = Release|Any CPU
	EndGlobalSection
	GlobalSection(ProjectConfigurationPlatforms) = postSolution
		{110A6094-7A37-418A-AE7A-BDB49E048CE6}.Debug|Any CPU.ActiveCfg = Debug|Any CPU
		{110A6094-7A37-418A-AE7A-BDB49E048CE6}.Debug|Any CPU.Build.0 = Debug|Any CPU
		{110A6094-7A37-418A-AE7A-BDB49E048CE6}.Release|Any CPU.ActiveCfg = Release|Any CPU
		{110A6094-7A37-418A-AE7A-BDB49E048CE6}.Release|Any CPU.Build.0 = Release|Any CPU
		{75CF4E37-6435-4006-A00D-9E50FAD993D0}.Debug|Any CPU.ActiveCfg = Debug|Any CPU
		{75CF4E37-6435-4006-A00D-9E50FAD993D0}.Debug|Any CPU.Build.0 = Debug|Any CPU
		{75CF4E37-6435-4006-A00D-9E50FAD993D0}.Release|Any CPU.ActiveCfg = Release|Any CPU
		{75CF4E37-6435-4006-A00D-9E50FAD993D0}.Release|Any CPU.Build.0 = Release|Any CPU
	EndGlobalSection
	GlobalSection(SolutionProperties) = preSolution
		HideSolutionNode = FALSE
	EndGlobalSection
	GlobalSection(ExtensibilityGlobals) = postSolution
		SolutionGuid = {2E596B21-34E2-4905-A739-FCB9BBF858D1}
	EndGlobalSection
EndGlobal
